github.com/morsby/hugo-book v0.0.0-20211011144920-1f6ed3f34058 h1:4VukJwZHTMVVgRYJHYAsSv/uckKKwX5PeoXwSeg+340=
github.com/morsby/hugo-book v0.0.0-20211011144920-1f6ed3f34058/go.mod h1:p5ZhZC+SWHqMt31Jyn6/Gdmu48KGq/HSYZsyFH95XJs=
github.com/morsby/hugo-book v0.0.0-20211013143350-5524b4a93b8e h1:9RX0tIA6IyOQZhzepOIF3LiiG7iQiXlxtxs+yEUgVAk=
github.com/morsby/hugo-book v0.0.0-20211013143350-5524b4a93b8e/go.mod h1:p5ZhZC+SWHqMt31Jyn6/Gdmu48KGq/HSYZsyFH95XJs=
github.com/morsby/hugo-book v0.0.0-20211024100321-1c6dafdb4801 h1:xE2MkLlKJRnaJlIXI18TaTjWyJGKcu2RwS6/6kFxs3c=
github.com/morsby/hugo-book v0.0.0-20211024100321-1c6dafdb4801/go.mod h1:p5ZhZC+SWHqMt31Jyn6/Gdmu48KGq/HSYZsyFH95XJs=
github.com/morsby/hugo-book v0.0.0-20211024190017-746aabfe4168 h1:WfKUjS3oXEr64noOAUGSJw6KgvE5Gw8bX75LVSrmC+U=
github.com/morsby/hugo-book v0.0.0-20211024190017-746aabfe4168/go.mod h1:p5ZhZC+SWHqMt31Jyn6/Gdmu48KGq/HSYZsyFH95XJs=
